<?xml version="1.0" encoding="utf-8"?>
<Project ToolsVersion="4.0" xmlns="http://schemas.microsoft.com/developer/msbuild/2003">
  <ItemGroup>
    <ClCompile Include="src\GameManager.cpp">
      <Filter>ソースファイル\Game</Filter>
    </ClCompile>
    <ClCompile Include="src\CLS_RPG.cpp">
      <Filter>ソースファイル\System</Filter>
    </ClCompile>
    <ClCompile Include="src\Game\PartyMG\PartyMG.cpp" />
    <ClCompile Include="src\System\Scene\Title\Title.cpp" />
    <ClCompile Include="src\System\Scene\SceneMG.cpp" />
    <ClCompile Include="src\System\Window\Window.cpp" />
    <ClCompile Include="src\Game\Map\MapData.cpp" />
    <ClCompile Include="src\Game\Map\MapFactory.cpp" />
    <ClCompile Include="src\Game\Map\MapManager.cpp" />
    <ClCompile Include="src\Game\Map\Player\MapPlayer.cpp" />
    <ClCompile Include="src\System\Scene\Field\FieldScene.cpp" />
    <ClCompile Include="src\Game\Map\Player\MapPlayerCon.cpp" />
    <ClCompile Include="src\Game\Map\Npc\MapNpc.cpp" />
    <ClCompile Include="src\System\Scene\Field\FieldView\FieldViewSystem.cpp" />
  </ItemGroup>
  <ItemGroup>
    <ClInclude Include="src\GameManager.h">
      <Filter>ソースファイル\Game</Filter>
    </ClInclude>
    <ClInclude Include="src\Game\PartyMG\PartyMG.h" />
    <ClInclude Include="src\Game\CharacterState.h" />
    <ClInclude Include="src\System\Input\InputMG.h" />
    <ClInclude Include="src\System\Scene\Title\Title.h" />
    <ClInclude Include="src\System\Scene\IScene.h" />
    <ClInclude Include="src\System\Scene\SceneMG.h" />
    <ClInclude Include="src\System\Time\DeltaTime.h" />
    <ClInclude Include="src\System\Window\EscSeq.h" />
    <ClInclude Include="src\System\Window\Window.h" />
    <ClInclude Include="src\singleton.h" />
    <ClInclude Include="src\Game\Map\MapData.h" />
    <ClInclude Include="src\Game\Map\MapFactory.h" />
    <ClInclude Include="src\Game\Map\StageData.h" />
    <ClInclude Include="src\Game\Map\MapManager.h" />
    <ClInclude Include="src\Game\Map\Player\MapPlayer.h" />
    <ClInclude Include="src\System\Scene\Field\FieldScene.h" />
    <ClInclude Include="src\Game\Map\Player\MapPlayerCon.h" />
    <ClInclude Include="src\Game\Map\Npc\MapNpc.h" />
    <ClInclude Include="src\System\Scene\Field\FieldView\FieldViewSystem.h" />
  </ItemGroup>
  <ItemGroup>
    <Filter Include="ソースファイル">
      <UniqueIdentifier>{fedafebd-c21e-4511-b5ae-40911b94e1c3}</UniqueIdentifier>
    </Filter>
    <Filter Include="ソースファイル\Battle">
      <UniqueIdentifier>{8c85fc24-da46-4a9e-8c58-4ea55959343e}</UniqueIdentifier>
    </Filter>
    <Filter Include="ソースファイル\Game">
      <UniqueIdentifier>{ae3623b1-1aea-4ed8-bec7-9c44c43b8a64}</UniqueIdentifier>
    </Filter>
    <Filter Include="ソースファイル\Window">
      <UniqueIdentifier>{0d3daf17-78e1-49f6-b934-564a25235be8}</UniqueIdentifier>
    </Filter>
    <Filter Include="ソースファイル\System">
      <UniqueIdentifier>{e1340a1e-9ec3-44fd-a4d3-ddbcaa1095fc}</UniqueIdentifier>
    </Filter>
    <Filter Include="ソースファイル\Battle\Character">
      <UniqueIdentifier>{6239a2e2-eec5-4972-9941-ebb53ee2ff27}</UniqueIdentifier>
    </Filter>
    <Filter Include="ソースファイル\Battle\Character\Base">
      <UniqueIdentifier>{4363aa94-07dd-4923-bc47-6f420e0b30be}</UniqueIdentifier>
    </Filter>
    <Filter Include="ソースファイル\Battle\Character\Enemy">
      <UniqueIdentifier>{83ab7327-9fde-4b97-bae8-d5dffc93fa95}</UniqueIdentifier>
    </Filter>
    <Filter Include="ソースファイル\Battle\Character\Player">
      <UniqueIdentifier>{c05e0f30-2d0e-4acb-ae58-f3da852e04c2}</UniqueIdentifier>
    </Filter>
    <Filter Include="ソースファイル\Battle\BattleManager">
      <UniqueIdentifier>{4f829a75-4db1-4d04-aab8-a95927279df3}</UniqueIdentifier>
    </Filter>
  </ItemGroup>
</Project>